
Microsoft Visual Studio Solution File, Format Version 12.00
# Visual Studio Version 16
VisualStudioVersion = 16.0.29025.244
MinimumVisualStudioVersion = 10.0.40219.1
Project("{FAE04EC0-301F-11D3-BF4B-00C04F79EFBC}") = "WpfApp2", "WpfApp2\WpfApp2.csproj", "{F1AB87D0-BA48-4EEA-A10A-6482C9E8A78B}"
EndProject
Global
	GlobalSection(SolutionConfigurationPlatforms) = preSolution
		Debug|Any CPU = Debug|Any CPU
		Release|Any CPU = Release|Any CPU
	EndGlobalSection
	GlobalSection(ProjectConfigurationPlatforms) = postSolution
		{F1AB87D0-BA48-4EEA-A10A-6482C9E8A78B}.Debug|Any CPU.ActiveCfg = Debug|Any CPU
		{F1AB87D0-BA48-4EEA-A10A-6482C9E8A78B}.Debug|Any CPU.Build.0 = Debug|Any CPU
		{F1AB87D0-BA48-4EEA-A10A-6482C9E8A78B}.Release|Any CPU.ActiveCfg = Release|Any CPU
		{F1AB87D0-BA48-4EEA-A10A-6482C9E8A78B}.Release|Any CPU.Build.0 = Release|Any CPU
	EndGlobalSection
	GlobalSection(SolutionProperties) = preSolution
		HideSolutionNode = FALSE
	EndGlobalSection
	GlobalSection(ExtensibilityGlobals) = postSolution
		SolutionGuid = {BB5DA73F-EE37-4A3A-A6BE-1DBA3F4D33AF}
	EndGlobalSection
EndGlobal
